// !$*UTF8*$!
{
	archiveVersion = 1;
	classes = {
	};
	objectVersion = 50;
	objects = {

/* Begin PBXBuildFile section */
		1E5CC8F022489D7C0077426A /* AppDelegate.swift in Sources */ = {isa = PBXBuildFile; fileRef = 1E5CC8EF22489D7C0077426A /* AppDelegate.swift */; };
		1E5CC8F222489D7C0077426A /* MilesFirstViewController.swift in Sources */ = {isa = PBXBuildFile; fileRef = 1E5CC8F122489D7C0077426A /* MilesFirstViewController.swift */; };
		1E5CC8F522489D7C0077426A /* Main.storyboard in Resources */ = {isa = PBXBuildFile; fileRef = 1E5CC8F322489D7C0077426A /* Main.storyboard */; };
		1E5CC8F722489D7E0077426A /* Assets.xcassets in Resources */ = {isa = PBXBuildFile; fileRef = 1E5CC8F622489D7E0077426A /* Assets.xcassets */; };
		1E5CC8FA22489D7E0077426A /* LaunchScreen.storyboard in Resources */ = {isa = PBXBuildFile; fileRef = 1E5CC8F822489D7E0077426A /* LaunchScreen.storyboard */; };
		1E5CC90222489EFB0077426A /* JillFirstViewController.swift in Sources */ = {isa = PBXBuildFile; fileRef = 1E5CC90122489EFB0077426A /* JillFirstViewController.swift */; };
		1E5CC90422489F250077426A /* JillSecondViewController.swift in Sources */ = {isa = PBXBuildFile; fileRef = 1E5CC90322489F250077426A /* JillSecondViewController.swift */; };
		1E5CC90622489F4C0077426A /* JillStoryboard.storyboard in Resources */ = {isa = PBXBuildFile; fileRef = 1E5CC90522489F4C0077426A /* JillStoryboard.storyboard */; };
		596ED9192248A069005717E2 /* Levi.storyboard in Resources */ = {isa = PBXBuildFile; fileRef = 596ED9182248A069005717E2 /* Levi.storyboard */; };
		596ED91B2248A082005717E2 /* LeviFirstViewController.swift in Sources */ = {isa = PBXBuildFile; fileRef = 596ED91A2248A082005717E2 /* LeviFirstViewController.swift */; };
		596ED91D2248A0F4005717E2 /* LeviSecondViewController.swift in Sources */ = {isa = PBXBuildFile; fileRef = 596ED91C2248A0F4005717E2 /* LeviSecondViewController.swift */; };
		596ED9202248B378005717E2 /* LeviSecondViewController.swift in Sources */ = {isa = PBXBuildFile; fileRef = 596ED91C2248A0F4005717E2 /* LeviSecondViewController.swift */; };
		596ED9212248B378005717E2 /* LeviFirstViewController.swift in Sources */ = {isa = PBXBuildFile; fileRef = 596ED91A2248A082005717E2 /* LeviFirstViewController.swift */; };
		596ED9222248B378005717E2 /* MilesFirstViewController.swift in Sources */ = {isa = PBXBuildFile; fileRef = 1E5CC8F122489D7C0077426A /* MilesFirstViewController.swift */; };
		596ED9232248B378005717E2 /* AppDelegate.swift in Sources */ = {isa = PBXBuildFile; fileRef = 1E5CC8EF22489D7C0077426A /* AppDelegate.swift */; };
		596ED9242248B378005717E2 /* JillFirstViewController.swift in Sources */ = {isa = PBXBuildFile; fileRef = 1E5CC90122489EFB0077426A /* JillFirstViewController.swift */; };
		596ED9252248B378005717E2 /* JillSecondViewController.swift in Sources */ = {isa = PBXBuildFile; fileRef = 1E5CC90322489F250077426A /* JillSecondViewController.swift */; };
		596ED9282248B378005717E2 /* JillStoryboard.storyboard in Resources */ = {isa = PBXBuildFile; fileRef = 1E5CC90522489F4C0077426A /* JillStoryboard.storyboard */; };
		596ED9292248B378005717E2 /* LaunchScreen.storyboard in Resources */ = {isa = PBXBuildFile; fileRef = 1E5CC8F822489D7E0077426A /* LaunchScreen.storyboard */; };
		596ED92A2248B378005717E2 /* Assets.xcassets in Resources */ = {isa = PBXBuildFile; fileRef = 1E5CC8F622489D7E0077426A /* Assets.xcassets */; };
		596ED92B2248B378005717E2 /* Levi.storyboard in Resources */ = {isa = PBXBuildFile; fileRef = 596ED9182248A069005717E2 /* Levi.storyboard */; };
		596ED92C2248B378005717E2 /* Main.storyboard in Resources */ = {isa = PBXBuildFile; fileRef = 1E5CC8F322489D7C0077426A /* Main.storyboard */; };
		5999722C224A2061006D1504 /* MilesSecondViewController.swift in Sources */ = {isa = PBXBuildFile; fileRef = CE077D1C2248A9540092AC14 /* MilesSecondViewController.swift */; };
		CE077D1D2248A9540092AC14 /* MilesSecondViewController.swift in Sources */ = {isa = PBXBuildFile; fileRef = CE077D1C2248A9540092AC14 /* MilesSecondViewController.swift */; };
/* End PBXBuildFile section */

/* Begin PBXFileReference section */
		1E5CC8EC22489D7C0077426A /* Homework.app */ = {isa = PBXFileReference; explicitFileType = wrapper.application; includeInIndex = 0; path = Homework.app; sourceTree = BUILT_PRODUCTS_DIR; };
		1E5CC8EF22489D7C0077426A /* AppDelegate.swift */ = {isa = PBXFileReference; lastKnownFileType = sourcecode.swift; path = AppDelegate.swift; sourceTree = "<group>"; };
		1E5CC8F122489D7C0077426A /* MilesFirstViewController.swift */ = {isa = PBXFileReference; lastKnownFileType = sourcecode.swift; path = MilesFirstViewController.swift; sourceTree = "<group>"; };
		1E5CC8F422489D7C0077426A /* Base */ = {isa = PBXFileReference; lastKnownFileType = file.storyboard; name = Base; path = Base.lproj/Main.storyboard; sourceTree = "<group>"; };
		1E5CC8F622489D7E0077426A /* Assets.xcassets */ = {isa = PBXFileReference; lastKnownFileType = folder.assetcatalog; path = Assets.xcassets; sourceTree = "<group>"; };
		1E5CC8F922489D7E0077426A /* Base */ = {isa = PBXFileReference; lastKnownFileType = file.storyboard; name = Base; path = Base.lproj/LaunchScreen.storyboard; sourceTree = "<group>"; };
		1E5CC8FB22489D7E0077426A /* Info.plist */ = {isa = PBXFileReference; lastKnownFileType = text.plist.xml; path = Info.plist; sourceTree = "<group>"; };
		1E5CC90122489EFB0077426A /* JillFirstViewController.swift */ = {isa = PBXFileReference; lastKnownFileType = sourcecode.swift; path = JillFirstViewController.swift; sourceTree = "<group>"; };
		1E5CC90322489F250077426A /* JillSecondViewController.swift */ = {isa = PBXFileReference; lastKnownFileType = sourcecode.swift; path = JillSecondViewController.swift; sourceTree = "<group>"; };
		1E5CC90522489F4C0077426A /* JillStoryboard.storyboard */ = {isa = PBXFileReference; lastKnownFileType = file.storyboard; path = JillStoryboard.storyboard; sourceTree = "<group>"; };
		596ED9182248A069005717E2 /* Levi.storyboard */ = {isa = PBXFileReference; lastKnownFileType = file.storyboard; path = Levi.storyboard; sourceTree = "<group>"; };
		596ED91A2248A082005717E2 /* LeviFirstViewController.swift */ = {isa = PBXFileReference; lastKnownFileType = sourcecode.swift; path = LeviFirstViewController.swift; sourceTree = "<group>"; };
		596ED91C2248A0F4005717E2 /* LeviSecondViewController.swift */ = {isa = PBXFileReference; lastKnownFileType = sourcecode.swift; path = LeviSecondViewController.swift; sourceTree = "<group>"; };
		596ED9302248B378005717E2 /* Homework copy.app */ = {isa = PBXFileReference; explicitFileType = wrapper.application; includeInIndex = 0; path = "Homework copy.app"; sourceTree = BUILT_PRODUCTS_DIR; };
		596ED9312248B378005717E2 /* Homework copy-Info.plist */ = {isa = PBXFileReference; lastKnownFileType = text.plist.xml; name = "Homework copy-Info.plist"; path = "/Users/chiangchihhsuan/Desktop/March25/Homework copy-Info.plist"; sourceTree = "<absolute>"; };
		CE077D1C2248A9540092AC14 /* MilesSecondViewController.swift */ = {isa = PBXFileReference; lastKnownFileType = sourcecode.swift; path = MilesSecondViewController.swift; sourceTree = "<group>"; };
/* End PBXFileReference section */

/* Begin PBXFrameworksBuildPhase section */
		1E5CC8E922489D7C0077426A /* Frameworks */ = {
			isa = PBXFrameworksBuildPhase;
			buildActionMask = 2147483647;
			files = (
			);
			runOnlyForDeploymentPostprocessing = 0;
		};
		596ED9262248B378005717E2 /* Frameworks */ = {
			isa = PBXFrameworksBuildPhase;
			buildActionMask = 2147483647;
			files = (
			);
			runOnlyForDeploymentPostprocessing = 0;
		};
/* End PBXFrameworksBuildPhase section */

/* Begin PBXGroup section */
		1E5CC8E322489D7C0077426A = {
			isa = PBXGroup;
			children = (
				1E5CC8EE22489D7C0077426A /* Homework */,
				1E5CC8ED22489D7C0077426A /* Products */,
				596ED9312248B378005717E2 /* Homework copy-Info.plist */,
			);
			sourceTree = "<group>";
		};
		1E5CC8ED22489D7C0077426A /* Products */ = {
			isa = PBXGroup;
			children = (
				1E5CC8EC22489D7C0077426A /* Homework.app */,
				596ED9302248B378005717E2 /* Homework copy.app */,
			);
			name = Products;
			sourceTree = "<group>";
		};
		1E5CC8EE22489D7C0077426A /* Homework */ = {
			isa = PBXGroup;
			children = (
				1E5CC8EF22489D7C0077426A /* AppDelegate.swift */,
				1E5CC8F622489D7E0077426A /* Assets.xcassets */,
				1E5CC8F822489D7E0077426A /* LaunchScreen.storyboard */,
				1E5CC8FB22489D7E0077426A /* Info.plist */,
				596ED9182248A069005717E2 /* Levi.storyboard */,
				596ED91A2248A082005717E2 /* LeviFirstViewController.swift */,
				596ED91C2248A0F4005717E2 /* LeviSecondViewController.swift */,
				1E5CC90122489EFB0077426A /* JillFirstViewController.swift */,
				1E5CC90322489F250077426A /* JillSecondViewController.swift */,
				1E5CC90522489F4C0077426A /* JillStoryboard.storyboard */,
				1E5CC8F322489D7C0077426A /* Main.storyboard */,
				1E5CC8F122489D7C0077426A /* MilesFirstViewController.swift */,
				CE077D1C2248A9540092AC14 /* MilesSecondViewController.swift */,
			);
			path = Homework;
			sourceTree = "<group>";
		};
/* End PBXGroup section */

/* Begin PBXNativeTarget section */
		1E5CC8EB22489D7C0077426A /* Homework */ = {
			isa = PBXNativeTarget;
			buildConfigurationList = 1E5CC8FE22489D7E0077426A /* Build configuration list for PBXNativeTarget "Homework" */;
			buildPhases = (
				1E5CC8E822489D7C0077426A /* Sources */,
				1E5CC8E922489D7C0077426A /* Frameworks */,
				1E5CC8EA22489D7C0077426A /* Resources */,
			);
			buildRules = (
			);
			dependencies = (
			);
			name = Homework;
			productName = Homework;
			productReference = 1E5CC8EC22489D7C0077426A /* Homework.app */;
			productType = "com.apple.product-type.application";
		};
		596ED91E2248B378005717E2 /* Homework copy */ = {
			isa = PBXNativeTarget;
			buildConfigurationList = 596ED92D2248B378005717E2 /* Build configuration list for PBXNativeTarget "Homework copy" */;
			buildPhases = (
				596ED91F2248B378005717E2 /* Sources */,
				596ED9262248B378005717E2 /* Frameworks */,
				596ED9272248B378005717E2 /* Resources */,
			);
			buildRules = (
			);
			dependencies = (
			);
			name = "Homework copy";
			productName = Homework;
			productReference = 596ED9302248B378005717E2 /* Homework copy.app */;
			productType = "com.apple.product-type.application";
		};
/* End PBXNativeTarget section */

/* Begin PBXProject section */
		1E5CC8E422489D7C0077426A /* Project object */ = {
			isa = PBXProject;
			attributes = {
				LastSwiftUpdateCheck = 1010;
				LastUpgradeCheck = 1010;
				ORGANIZATIONNAME = "Jill Yeh";
				TargetAttributes = {
					1E5CC8EB22489D7C0077426A = {
						CreatedOnToolsVersion = 10.1;
					};
				};
			};
			buildConfigurationList = 1E5CC8E722489D7C0077426A /* Build configuration list for PBXProject "Homework" */;
			compatibilityVersion = "Xcode 9.3";
			developmentRegion = en;
			hasScannedForEncodings = 0;
			knownRegions = (
				en,
				Base,
			);
			mainGroup = 1E5CC8E322489D7C0077426A;
			productRefGroup = 1E5CC8ED22489D7C0077426A /* Products */;
			projectDirPath = "";
			projectRoot = "";
			targets = (
				1E5CC8EB22489D7C0077426A /* Homework */,
				596ED91E2248B378005717E2 /* Homework copy */,
			);
		};
/* End PBXProject section */

/* Begin PBXResourcesBuildPhase section */
		1E5CC8EA22489D7C0077426A /* Resources */ = {
			isa = PBXResourcesBuildPhase;
			buildActionMask = 2147483647;
			files = (
				1E5CC90622489F4C0077426A /* JillStoryboard.storyboard in Resources */,
				1E5CC8FA22489D7E0077426A /* LaunchScreen.storyboard in Resources */,
				1E5CC8F722489D7E0077426A /* Assets.xcassets in Resources */,
				596ED9192248A069005717E2 /* Levi.storyboard in Resources */,
				1E5CC8F522489D7C0077426A /* Main.storyboard in Resources */,
			);
			runOnlyForDeploymentPostprocessing = 0;
		};
		596ED9272248B378005717E2 /* Resources */ = {
			isa = PBXResourcesBuildPhase;
			buildActionMask = 2147483647;
			files = (
				596ED9282248B378005717E2 /* JillStoryboard.storyboard in Resources */,
				596ED9292248B378005717E2 /* LaunchScreen.storyboard in Resources */,
				596ED92A2248B378005717E2 /* Assets.xcassets in Resources */,
				596ED92B2248B378005717E2 /* Levi.storyboard in Resources */,
				596ED92C2248B378005717E2 /* Main.storyboard in Resources */,
			);
			runOnlyForDeploymentPostprocessing = 0;
		};
/* End PBXResourcesBuildPhase section */

/* Begin PBXSourcesBuildPhase section */
		1E5CC8E822489D7C0077426A /* Sources */ = {
			isa = PBXSourcesBuildPhase;
			buildActionMask = 2147483647;
			files = (
				CE077D1D2248A9540092AC14 /* MilesSecondViewController.swift in Sources */,
				596ED91D2248A0F4005717E2 /* LeviSecondViewController.swift in Sources */,
				596ED91B2248A082005717E2 /* LeviFirstViewController.swift in Sources */,
				1E5CC8F222489D7C0077426A /* MilesFirstViewController.swift in Sources */,
				1E5CC8F022489D7C0077426A /* AppDelegate.swift in Sources */,
				1E5CC90222489EFB0077426A /* JillFirstViewController.swift in Sources */,
				1E5CC90422489F250077426A /* JillSecondViewController.swift in Sources */,
			);
			runOnlyForDeploymentPostprocessing = 0;
		};
		596ED91F2248B378005717E2 /* Sources */ = {
			isa = PBXSourcesBuildPhase;
			buildActionMask = 2147483647;
			files = (
				5999722C224A2061006D1504 /* MilesSecondViewController.swift in Sources */,
				596ED9202248B378005717E2 /* LeviSecondViewController.swift in Sources */,
				596ED9212248B378005717E2 /* LeviFirstViewController.swift in Sources */,
				596ED9222248B378005717E2 /* MilesFirstViewController.swift in Sources */,
				596ED9232248B378005717E2 /* AppDelegate.swift in Sources */,
				596ED9242248B378005717E2 /* JillFirstViewController.swift in Sources */,
				596ED9252248B378005717E2 /* JillSecondViewController.swift in Sources */,
			);
			runOnlyForDeploymentPostprocessing = 0;
		};
/* End PBXSourcesBuildPhase section */

/* Begin PBXVariantGroup section */
		1E5CC8F322489D7C0077426A /* Main.storyboard */ = {
			isa = PBXVariantGroup;
			children = (
				1E5CC8F422489D7C0077426A /* Base */,
			);
			name = Main.storyboard;
			sourceTree = "<group>";
		};
		1E5CC8F822489D7E0077426A /* LaunchScreen.storyboard */ = {
			isa = PBXVariantGroup;
			children = (
				1E5CC8F922489D7E0077426A /* Base */,
			);
			name = LaunchScreen.storyboard;
			sourceTree = "<group>";
		};
/* End PBXVariantGroup section */

/* Begin XCBuildConfiguration section */
		1E5CC8FC22489D7E0077426A /* Debug */ = {
			isa = XCBuildConfiguration;
			buildSettings = {
				ALWAYS_SEARCH_USER_PATHS = NO;
				CLANG_ANALYZER_NONNULL = YES;
				CLANG_ANALYZER_NUMBER_OBJECT_CONVERSION = YES_AGGRESSIVE;
				CLANG_CXX_LANGUAGE_STANDARD = "gnu++14";
				CLANG_CXX_LIBRARY = "libc++";
				CLANG_ENABLE_MODULES = YES;
				CLANG_ENABLE_OBJC_ARC = YES;
				CLANG_ENABLE_OBJC_WEAK = YES;
				CLANG_WARN_BLOCK_CAPTURE_AUTORELEASING = YES;
				CLANG_WARN_BOOL_CONVERSION = YES;
				CLANG_WARN_COMMA = YES;
				CLANG_WARN_CONSTANT_CONVERSION = YES;
				CLANG_WARN_DEPRECATED_OBJC_IMPLEMENTATIONS = YES;
				CLANG_WARN_DIRECT_OBJC_ISA_USAGE = YES_ERROR;
				CLANG_WARN_DOCUMENTATION_COMMENTS = YES;
				CLANG_WARN_EMPTY_BODY = YES;
				CLANG_WARN_ENUM_CONVERSION = YES;
				CLANG_WARN_INFINITE_RECURSION = YES;
				CLANG_WARN_INT_CONVERSION = YES;
				CLANG_WARN_NON_LITERAL_NULL_CONVERSION = YES;
				CLANG_WARN_OBJC_IMPLICIT_RETAIN_SELF = YES;
				CLANG_WARN_OBJC_LITERAL_CONVERSION = YES;
				CLANG_WARN_OBJC_ROOT_CLASS = YES_ERROR;
				CLANG_WARN_RANGE_LOOP_ANALYSIS = YES;
				CLANG_WARN_STRICT_PROTOTYPES = YES;
				CLANG_WARN_SUSPICIOUS_MOVE = YES;
				CLANG_WARN_UNGUARDED_AVAILABILITY = YES_AGGRESSIVE;
				CLANG_WARN_UNREACHABLE_CODE = YES;
				CLANG_WARN__DUPLICATE_METHOD_MATCH = YES;
				CODE_SIGN_IDENTITY = "iPhone Developer";
				COPY_PHASE_STRIP = NO;
				DEBUG_INFORMATION_FORMAT = dwarf;
				ENABLE_STRICT_OBJC_MSGSEND = YES;
				ENABLE_TESTABILITY = YES;
				GCC_C_LANGUAGE_STANDARD = gnu11;
				GCC_DYNAMIC_NO_PIC = NO;
				GCC_NO_COMMON_BLOCKS = YES;
				GCC_OPTIMIZATION_LEVEL = 0;
				GCC_PREPROCESSOR_DEFINITIONS = (
					"DEBUG=1",
					"$(inherited)",
				);
				GCC_WARN_64_TO_32_BIT_CONVERSION = YES;
				GCC_WARN_ABOUT_RETURN_TYPE = YES_ERROR;
				GCC_WARN_UNDECLARED_SELECTOR = YES;
				GCC_WARN_UNINITIALIZED_AUTOS = YES_AGGRESSIVE;
				GCC_WARN_UNUSED_FUNCTION = YES;
				GCC_WARN_UNUSED_VARIABLE = YES;
				IPHONEOS_DEPLOYMENT_TARGET = 12.1;
				MTL_ENABLE_DEBUG_INFO = INCLUDE_SOURCE;
				MTL_FAST_MATH = YES;
				ONLY_ACTIVE_ARCH = YES;
				SDKROOT = iphoneos;
				SWIFT_ACTIVE_COMPILATION_CONDITIONS = DEBUG;
				SWIFT_OPTIMIZATION_LEVEL = "-Onone";
			};
			name = Debug;
		};
		1E5CC8FD22489D7E0077426A /* Release */ = {
			isa = XCBuildConfiguration;
			buildSettings = {
				ALWAYS_SEARCH_USER_PATHS = NO;
				CLANG_ANALYZER_NONNULL = YES;
				CLANG_ANALYZER_NUMBER_OBJECT_CONVERSION = YES_AGGRESSIVE;
				CLANG_CXX_LANGUAGE_STANDARD = "gnu++14";
				CLANG_CXX_LIBRARY = "libc++";
				CLANG_ENABLE_MODULES = YES;
				CLANG_ENABLE_OBJC_ARC = YES;
				CLANG_ENABLE_OBJC_WEAK = YES;
				CLANG_WARN_BLOCK_CAPTURE_AUTORELEASING = YES;
				CLANG_WARN_BOOL_CONVERSION = YES;
				CLANG_WARN_COMMA = YES;
				CLANG_WARN_CONSTANT_CONVERSION = YES;
				CLANG_WARN_DEPRECATED_OBJC_IMPLEMENTATIONS = YES;
				CLANG_WARN_DIRECT_OBJC_ISA_USAGE = YES_ERROR;
				CLANG_WARN_DOCUMENTATION_COMMENTS = YES;
				CLANG_WARN_EMPTY_BODY = YES;
				CLANG_WARN_ENUM_CONVERSION = YES;
				CLANG_WARN_INFINITE_RECURSION = YES;
				CLANG_WARN_INT_CONVERSION = YES;
				CLANG_WARN_NON_LITERAL_NULL_CONVERSION = YES;
				CLANG_WARN_OBJC_IMPLICIT_RETAIN_SELF = YES;
				CLANG_WARN_OBJC_LITERAL_CONVERSION = YES;
				CLANG_WARN_OBJC_ROOT_CLASS = YES_ERROR;
				CLANG_WARN_RANGE_LOOP_ANALYSIS = YES;
				CLANG_WARN_STRICT_PROTOTYPES = YES;
				CLANG_WARN_SUSPICIOUS_MOVE = YES;
				CLANG_WARN_UNGUARDED_AVAILABILITY = YES_AGGRESSIVE;
				CLANG_WARN_UNREACHABLE_CODE = YES;
				CLANG_WARN__DUPLICATE_METHOD_MATCH = YES;
				CODE_SIGN_IDENTITY = "iPhone Developer";
				COPY_PHASE_STRIP = NO;
				DEBUG_INFORMATION_FORMAT = "dwarf-with-dsym";
				ENABLE_NS_ASSERTIONS = NO;
				ENABLE_STRICT_OBJC_MSGSEND = YES;
				GCC_C_LANGUAGE_STANDARD = gnu11;
				GCC_NO_COMMON_BLOCKS = YES;
				GCC_WARN_64_TO_32_BIT_CONVERSION = YES;
				GCC_WARN_ABOUT_RETURN_TYPE = YES_ERROR;
				GCC_WARN_UNDECLARED_SELECTOR = YES;
				GCC_WARN_UNINITIALIZED_AUTOS = YES_AGGRESSIVE;
				GCC_WARN_UNUSED_FUNCTION = YES;
				GCC_WARN_UNUSED_VARIABLE = YES;
				IPHONEOS_DEPLOYMENT_TARGET = 12.1;
				MTL_ENABLE_DEBUG_INFO = NO;
				MTL_FAST_MATH = YES;
				SDKROOT = iphoneos;
				SWIFT_COMPILATION_MODE = wholemodule;
				SWIFT_OPTIMIZATION_LEVEL = "-O";
				VALIDATE_PRODUCT = YES;
			};
			name = Release;
		};
		1E5CC8FF22489D7E0077426A /* Debug */ = {
			isa = XCBuildConfiguration;
			buildSettings = {
				ASSETCATALOG_COMPILER_APPICON_NAME = AppIcon;
				CODE_SIGN_IDENTITY = "iPhone Developer";
				CODE_SIGN_STYLE = Automatic;
				DEVELOPMENT_TEAM = WAH4T7BX8F;
				INFOPLIST_FILE = Homework/Info.plist;
				LD_RUNPATH_SEARCH_PATHS = (
					"$(inherited)",
					"@executable_path/Frameworks",
				);
				PRODUCT_BUNDLE_IDENTIFIER = com.JillYeh.Homework;
				PRODUCT_NAME = "$(TARGET_NAME)";
				PROVISIONING_PROFILE_SPECIFIER = "";
				SWIFT_VERSION = 4.2;
				TARGETED_DEVICE_FAMILY = "1,2";
			};
			name = Debug;
		};
		1E5CC90022489D7E0077426A /* Release */ = {
			isa = XCBuildConfiguration;
			buildSettings = {
				ASSETCATALOG_COMPILER_APPICON_NAME = AppIcon;
				CODE_SIGN_IDENTITY = "iPhone Developer";
				CODE_SIGN_STYLE = Automatic;
				DEVELOPMENT_TEAM = WAH4T7BX8F;
				INFOPLIST_FILE = Homework/Info.plist;
				LD_RUNPATH_SEARCH_PATHS = (
					"$(inherited)",
					"@executable_path/Frameworks",
				);
				PRODUCT_BUNDLE_IDENTIFIER = com.JillYeh.Homework;
				PRODUCT_NAME = "$(TARGET_NAME)";
				PROVISIONING_PROFILE_SPECIFIER = "";
				SWIFT_VERSION = 4.2;
				TARGETED_DEVICE_FAMILY = "1,2";
			};
			name = Release;
		};
		596ED92E2248B378005717E2 /* Debug */ = {
			isa = XCBuildConfiguration;
			buildSettings = {
				ASSETCATALOG_COMPILER_APPICON_NAME = AppIcon;
				CODE_SIGN_STYLE = Automatic;
				DEVELOPMENT_TEAM = TS57F7BKT5;
				INFOPLIST_FILE = "Homework copy-Info.plist";
				LD_RUNPATH_SEARCH_PATHS = (
					"$(inherited)",
					"@executable_path/Frameworks",
				);
				PRODUCT_BUNDLE_IDENTIFIER = com.JillYeh.Homework;
				PRODUCT_NAME = "$(TARGET_NAME)";
				SWIFT_VERSION = 4.2;
				TARGETED_DEVICE_FAMILY = "1,2";
			};
			name = Debug;
		};
		596ED92F2248B378005717E2 /* Release */ = {
			isa = XCBuildConfiguration;
			buildSettings = {
				ASSETCATALOG_COMPILER_APPICON_NAME = AppIcon;
				CODE_SIGN_STYLE = Automatic;
				DEVELOPMENT_TEAM = TS57F7BKT5;
				INFOPLIST_FILE = "Homework copy-Info.plist";
				LD_RUNPATH_SEARCH_PATHS = (
					"$(inherited)",
					"@executable_path/Frameworks",
				);
				PRODUCT_BUNDLE_IDENTIFIER = com.JillYeh.Homework;
				PRODUCT_NAME = "$(TARGET_NAME)";
				SWIFT_VERSION = 4.2;
				TARGETED_DEVICE_FAMILY = "1,2";
			};
			name = Release;
		};
/* End XCBuildConfiguration section */

/* Begin XCConfigurationList section */
		1E5CC8E722489D7C0077426A /* Build configuration list for PBXProject "Homework" */ = {
			isa = XCConfigurationList;
			buildConfigurations = (
				1E5CC8FC22489D7E0077426A /* Debug */,
				1E5CC8FD22489D7E0077426A /* Release */,
			);
			defaultConfigurationIsVisible = 0;
			defaultConfigurationName = Release;
		};
		1E5CC8FE22489D7E0077426A /* Build configuration list for PBXNativeTarget "Homework" */ = {
			isa = XCConfigurationList;
			buildConfigurations = (
				1E5CC8FF22489D7E0077426A /* Debug */,
				1E5CC90022489D7E0077426A /* Release */,
			);
			defaultConfigurationIsVisible = 0;
			defaultConfigurationName = Release;
		};
		596ED92D2248B378005717E2 /* Build configuration list for PBXNativeTarget "Homework copy" */ = {
			isa = XCConfigurationList;
			buildConfigurations = (
				596ED92E2248B378005717E2 /* Debug */,
				596ED92F2248B378005717E2 /* Release */,
			);
			defaultConfigurationIsVisible = 0;
			defaultConfigurationName = Release;
		};
/* End XCConfigurationList section */
	};
	rootObject = 1E5CC8E422489D7C0077426A /* Project object */;
}
